alarmclock_hour_adri:
  name: Stunden
  initial: "07"
  options:
    - "04"
    - "05"
    - "06"
    - "07"
    - "08"
    - "09"
    - "10"
    - "11"
    - "21"
  icon: mdi:timer
alarmclock_minutes_adri:
  name: Minuten
  initial: "00"
  options:
    - "00"
    - "05"
    - "10"
    - "15"
    - "20"
    - "25"
    - "30"
    - "35"
    - "40"
    - "45"
    - "50"
    - "55"
  icon: mdi:timer